// !$*UTF8*$!
{
	archiveVersion = 1;
	classes = {
	};
	objectVersion = 56;
	objects = {

/* Begin PBXBuildFile section */
		A064D6E2296C8A3D0035705D /* AppDelegate.swift in Sources */ = {isa = PBXBuildFile; fileRef = A064D6E1296C8A3D0035705D /* AppDelegate.swift */; };
		A064D6E4296C8A3D0035705D /* SceneDelegate.swift in Sources */ = {isa = PBXBuildFile; fileRef = A064D6E3296C8A3D0035705D /* SceneDelegate.swift */; };
		A064D6E6296C8A3D0035705D /* PopularViewController.swift in Sources */ = {isa = PBXBuildFile; fileRef = A064D6E5296C8A3D0035705D /* PopularViewController.swift */; };
		A064D6E9296C8A3D0035705D /* Main.storyboard in Resources */ = {isa = PBXBuildFile; fileRef = A064D6E7296C8A3D0035705D /* Main.storyboard */; };
		A064D6EB296C8A3E0035705D /* Assets.xcassets in Resources */ = {isa = PBXBuildFile; fileRef = A064D6EA296C8A3E0035705D /* Assets.xcassets */; };
		A064D6EE296C8A3E0035705D /* LaunchScreen.storyboard in Resources */ = {isa = PBXBuildFile; fileRef = A064D6EC296C8A3E0035705D /* LaunchScreen.storyboard */; };
		A064D6FC296C8B170035705D /* APICaller.swift in Sources */ = {isa = PBXBuildFile; fileRef = A064D6FB296C8B170035705D /* APICaller.swift */; };
		A064D6FE296C8B6B0035705D /* TopRatedViewController.swift in Sources */ = {isa = PBXBuildFile; fileRef = A064D6FD296C8B6B0035705D /* TopRatedViewController.swift */; };
		A064D700296C8C940035705D /* Constants.swift in Sources */ = {isa = PBXBuildFile; fileRef = A064D6FF296C8C940035705D /* Constants.swift */; };
		A064D702296C8D3B0035705D /* Movie.swift in Sources */ = {isa = PBXBuildFile; fileRef = A064D701296C8D3B0035705D /* Movie.swift */; };
		A064D704296C91E70035705D /* MovieCollectionViewCell.swift in Sources */ = {isa = PBXBuildFile; fileRef = A064D703296C91E70035705D /* MovieCollectionViewCell.swift */; };
		A064D706296C93260035705D /* PinterestLayout.swift in Sources */ = {isa = PBXBuildFile; fileRef = A064D705296C93260035705D /* PinterestLayout.swift */; };
		A064D709296C959A0035705D /* Kingfisher in Frameworks */ = {isa = PBXBuildFile; productRef = A064D708296C959A0035705D /* Kingfisher */; };
		A08DD99C296DC663009C9031 /* Extensions.swift in Sources */ = {isa = PBXBuildFile; fileRef = A08DD99B296DC663009C9031 /* Extensions.swift */; };
		A08DD99E296DDAA9009C9031 /* Helper.swift in Sources */ = {isa = PBXBuildFile; fileRef = A08DD99D296DDAA9009C9031 /* Helper.swift */; };
		A08DD9A2296DDC46009C9031 /* ComingSoonViewController.swift in Sources */ = {isa = PBXBuildFile; fileRef = A08DD9A1296DDC46009C9031 /* ComingSoonViewController.swift */; };
		A08DD9A4296DE09A009C9031 /* SearchViewController.swift in Sources */ = {isa = PBXBuildFile; fileRef = A08DD9A3296DE09A009C9031 /* SearchViewController.swift */; };
/* End PBXBuildFile section */

/* Begin PBXFileReference section */
		A064D6DE296C8A3D0035705D /* FilmCollectionView.app */ = {isa = PBXFileReference; explicitFileType = wrapper.application; includeInIndex = 0; path = FilmCollectionView.app; sourceTree = BUILT_PRODUCTS_DIR; };
		A064D6E1296C8A3D0035705D /* AppDelegate.swift */ = {isa = PBXFileReference; lastKnownFileType = sourcecode.swift; path = AppDelegate.swift; sourceTree = "<group>"; };
		A064D6E3296C8A3D0035705D /* SceneDelegate.swift */ = {isa = PBXFileReference; lastKnownFileType = sourcecode.swift; path = SceneDelegate.swift; sourceTree = "<group>"; };
		A064D6E5296C8A3D0035705D /* PopularViewController.swift */ = {isa = PBXFileReference; lastKnownFileType = sourcecode.swift; path = PopularViewController.swift; sourceTree = "<group>"; };
		A064D6E8296C8A3D0035705D /* Base */ = {isa = PBXFileReference; lastKnownFileType = file.storyboard; name = Base; path = Base.lproj/Main.storyboard; sourceTree = "<group>"; };
		A064D6EA296C8A3E0035705D /* Assets.xcassets */ = {isa = PBXFileReference; lastKnownFileType = folder.assetcatalog; path = Assets.xcassets; sourceTree = "<group>"; };
		A064D6ED296C8A3E0035705D /* Base */ = {isa = PBXFileReference; lastKnownFileType = file.storyboard; name = Base; path = Base.lproj/LaunchScreen.storyboard; sourceTree = "<group>"; };
		A064D6EF296C8A3E0035705D /* Info.plist */ = {isa = PBXFileReference; lastKnownFileType = text.plist.xml; path = Info.plist; sourceTree = "<group>"; };
		A064D6FB296C8B170035705D /* APICaller.swift */ = {isa = PBXFileReference; lastKnownFileType = sourcecode.swift; path = APICaller.swift; sourceTree = "<group>"; };
		A064D6FD296C8B6B0035705D /* TopRatedViewController.swift */ = {isa = PBXFileReference; lastKnownFileType = sourcecode.swift; path = TopRatedViewController.swift; sourceTree = "<group>"; };
		A064D6FF296C8C940035705D /* Constants.swift */ = {isa = PBXFileReference; lastKnownFileType = sourcecode.swift; path = Constants.swift; sourceTree = "<group>"; };
		A064D701296C8D3B0035705D /* Movie.swift */ = {isa = PBXFileReference; lastKnownFileType = sourcecode.swift; path = Movie.swift; sourceTree = "<group>"; };
		A064D703296C91E70035705D /* MovieCollectionViewCell.swift */ = {isa = PBXFileReference; lastKnownFileType = sourcecode.swift; path = MovieCollectionViewCell.swift; sourceTree = "<group>"; };
		A064D705296C93260035705D /* PinterestLayout.swift */ = {isa = PBXFileReference; lastKnownFileType = sourcecode.swift; path = PinterestLayout.swift; sourceTree = "<group>"; };
		A08DD99B296DC663009C9031 /* Extensions.swift */ = {isa = PBXFileReference; lastKnownFileType = sourcecode.swift; path = Extensions.swift; sourceTree = "<group>"; };
		A08DD99D296DDAA9009C9031 /* Helper.swift */ = {isa = PBXFileReference; lastKnownFileType = sourcecode.swift; path = Helper.swift; sourceTree = "<group>"; };
		A08DD9A1296DDC46009C9031 /* ComingSoonViewController.swift */ = {isa = PBXFileReference; lastKnownFileType = sourcecode.swift; path = ComingSoonViewController.swift; sourceTree = "<group>"; };
		A08DD9A3296DE09A009C9031 /* SearchViewController.swift */ = {isa = PBXFileReference; lastKnownFileType = sourcecode.swift; path = SearchViewController.swift; sourceTree = "<group>"; };
/* End PBXFileReference section */

/* Begin PBXFrameworksBuildPhase section */
		A064D6DB296C8A3D0035705D /* Frameworks */ = {
			isa = PBXFrameworksBuildPhase;
			buildActionMask = 2147483647;
			files = (
				A064D709296C959A0035705D /* Kingfisher in Frameworks */,
			);
			runOnlyForDeploymentPostprocessing = 0;
		};
/* End PBXFrameworksBuildPhase section */

/* Begin PBXGroup section */
		A064D6D5296C8A3D0035705D = {
			isa = PBXGroup;
			children = (
				A064D6E0296C8A3D0035705D /* FilmCollectionView */,
				A064D6DF296C8A3D0035705D /* Products */,
			);
			sourceTree = "<group>";
		};
		A064D6DF296C8A3D0035705D /* Products */ = {
			isa = PBXGroup;
			children = (
				A064D6DE296C8A3D0035705D /* FilmCollectionView.app */,
			);
			name = Products;
			sourceTree = "<group>";
		};
		A064D6E0296C8A3D0035705D /* FilmCollectionView */ = {
			isa = PBXGroup;
			children = (
				A064D6EF296C8A3E0035705D /* Info.plist */,
				A064D6F8296C8AE30035705D /* Model */,
				A064D6F6296C8AD60035705D /* View */,
				A064D6F5296C8AD10035705D /* Controller */,
			);
			path = FilmCollectionView;
			sourceTree = "<group>";
		};
		A064D6F5296C8AD10035705D /* Controller */ = {
			isa = PBXGroup;
			children = (
				A064D6E5296C8A3D0035705D /* PopularViewController.swift */,
				A064D6FD296C8B6B0035705D /* TopRatedViewController.swift */,
				A08DD9A1296DDC46009C9031 /* ComingSoonViewController.swift */,
				A08DD9A3296DE09A009C9031 /* SearchViewController.swift */,
				A064D6FA296C8AF60035705D /* Service */,
				A064D6F9296C8AEA0035705D /* Utils */,
			);
			path = Controller;
			sourceTree = "<group>";
		};
		A064D6F6296C8AD60035705D /* View */ = {
			isa = PBXGroup;
			children = (
				A064D6E7296C8A3D0035705D /* Main.storyboard */,
				A064D6EC296C8A3E0035705D /* LaunchScreen.storyboard */,
				A064D703296C91E70035705D /* MovieCollectionViewCell.swift */,
				A064D705296C93260035705D /* PinterestLayout.swift */,
			);
			path = View;
			sourceTree = "<group>";
		};
		A064D6F8296C8AE30035705D /* Model */ = {
			isa = PBXGroup;
			children = (
				A064D701296C8D3B0035705D /* Movie.swift */,
			);
			path = Model;
			sourceTree = "<group>";
		};
		A064D6F9296C8AEA0035705D /* Utils */ = {
			isa = PBXGroup;
			children = (
				A064D6E1296C8A3D0035705D /* AppDelegate.swift */,
				A064D6E3296C8A3D0035705D /* SceneDelegate.swift */,
				A064D6EA296C8A3E0035705D /* Assets.xcassets */,
				A064D6FF296C8C940035705D /* Constants.swift */,
				A08DD99B296DC663009C9031 /* Extensions.swift */,
				A08DD99D296DDAA9009C9031 /* Helper.swift */,
			);
			path = Utils;
			sourceTree = "<group>";
		};
		A064D6FA296C8AF60035705D /* Service */ = {
			isa = PBXGroup;
			children = (
				A064D6FB296C8B170035705D /* APICaller.swift */,
			);
			path = Service;
			sourceTree = "<group>";
		};
/* End PBXGroup section */

/* Begin PBXNativeTarget section */
		A064D6DD296C8A3D0035705D /* FilmCollectionView */ = {
			isa = PBXNativeTarget;
			buildConfigurationList = A064D6F2296C8A3E0035705D /* Build configuration list for PBXNativeTarget "FilmCollectionView" */;
			buildPhases = (
				A064D6DA296C8A3D0035705D /* Sources */,
				A064D6DB296C8A3D0035705D /* Frameworks */,
				A064D6DC296C8A3D0035705D /* Resources */,
			);
			buildRules = (
			);
			dependencies = (
			);
			name = FilmCollectionView;
			packageProductDependencies = (
				A064D708296C959A0035705D /* Kingfisher */,
			);
			productName = FilmCollectionView;
			productReference = A064D6DE296C8A3D0035705D /* FilmCollectionView.app */;
			productType = "com.apple.product-type.application";
		};
/* End PBXNativeTarget section */

/* Begin PBXProject section */
		A064D6D6296C8A3D0035705D /* Project object */ = {
			isa = PBXProject;
			attributes = {
				BuildIndependentTargetsInParallel = 1;
				LastSwiftUpdateCheck = 1420;
				LastUpgradeCheck = 1420;
				TargetAttributes = {
					A064D6DD296C8A3D0035705D = {
						CreatedOnToolsVersion = 14.2;
					};
				};
			};
			buildConfigurationList = A064D6D9296C8A3D0035705D /* Build configuration list for PBXProject "FilmCollectionView" */;
			compatibilityVersion = "Xcode 14.0";
			developmentRegion = en;
			hasScannedForEncodings = 0;
			knownRegions = (
				en,
				Base,
			);
			mainGroup = A064D6D5296C8A3D0035705D;
			packageReferences = (
				A064D707296C959A0035705D /* XCRemoteSwiftPackageReference "Kingfisher" */,
			);
			productRefGroup = A064D6DF296C8A3D0035705D /* Products */;
			projectDirPath = "";
			projectRoot = "";
			targets = (
				A064D6DD296C8A3D0035705D /* FilmCollectionView */,
			);
		};
/* End PBXProject section */

/* Begin PBXResourcesBuildPhase section */
		A064D6DC296C8A3D0035705D /* Resources */ = {
			isa = PBXResourcesBuildPhase;
			buildActionMask = 2147483647;
			files = (
				A064D6EE296C8A3E0035705D /* LaunchScreen.storyboard in Resources */,
				A064D6EB296C8A3E0035705D /* Assets.xcassets in Resources */,
				A064D6E9296C8A3D0035705D /* Main.storyboard in Resources */,
			);
			runOnlyForDeploymentPostprocessing = 0;
		};
/* End PBXResourcesBuildPhase section */

/* Begin PBXSourcesBuildPhase section */
		A064D6DA296C8A3D0035705D /* Sources */ = {
			isa = PBXSourcesBuildPhase;
			buildActionMask = 2147483647;
			files = (
				A08DD99E296DDAA9009C9031 /* Helper.swift in Sources */,
				A064D702296C8D3B0035705D /* Movie.swift in Sources */,
				A064D6E6296C8A3D0035705D /* PopularViewController.swift in Sources */,
				A064D6E2296C8A3D0035705D /* AppDelegate.swift in Sources */,
				A08DD9A2296DDC46009C9031 /* ComingSoonViewController.swift in Sources */,
				A064D6E4296C8A3D0035705D /* SceneDelegate.swift in Sources */,
				A064D6FC296C8B170035705D /* APICaller.swift in Sources */,
				A08DD99C296DC663009C9031 /* Extensions.swift in Sources */,
				A08DD9A4296DE09A009C9031 /* SearchViewController.swift in Sources */,
				A064D6FE296C8B6B0035705D /* TopRatedViewController.swift in Sources */,
				A064D706296C93260035705D /* PinterestLayout.swift in Sources */,
				A064D700296C8C940035705D /* Constants.swift in Sources */,
				A064D704296C91E70035705D /* MovieCollectionViewCell.swift in Sources */,
			);
			runOnlyForDeploymentPostprocessing = 0;
		};
/* End PBXSourcesBuildPhase section */

/* Begin PBXVariantGroup section */
		A064D6E7296C8A3D0035705D /* Main.storyboard */ = {
			isa = PBXVariantGroup;
			children = (
				A064D6E8296C8A3D0035705D /* Base */,
			);
			name = Main.storyboard;
			sourceTree = "<group>";
		};
		A064D6EC296C8A3E0035705D /* LaunchScreen.storyboard */ = {
			isa = PBXVariantGroup;
			children = (
				A064D6ED296C8A3E0035705D /* Base */,
			);
			name = LaunchScreen.storyboard;
			sourceTree = "<group>";
		};
/* End PBXVariantGroup section */

/* Begin XCBuildConfiguration section */
		A064D6F0296C8A3E0035705D /* Debug */ = {
			isa = XCBuildConfiguration;
			buildSettings = {
				ALWAYS_SEARCH_USER_PATHS = NO;
				CLANG_ANALYZER_NONNULL = YES;
				CLANG_ANALYZER_NUMBER_OBJECT_CONVERSION = YES_AGGRESSIVE;
				CLANG_CXX_LANGUAGE_STANDARD = "gnu++20";
				CLANG_ENABLE_MODULES = YES;
				CLANG_ENABLE_OBJC_ARC = YES;
				CLANG_ENABLE_OBJC_WEAK = YES;
				CLANG_WARN_BLOCK_CAPTURE_AUTORELEASING = YES;
				CLANG_WARN_BOOL_CONVERSION = YES;
				CLANG_WARN_COMMA = YES;
				CLANG_WARN_CONSTANT_CONVERSION = YES;
				CLANG_WARN_DEPRECATED_OBJC_IMPLEMENTATIONS = YES;
				CLANG_WARN_DIRECT_OBJC_ISA_USAGE = YES_ERROR;
				CLANG_WARN_DOCUMENTATION_COMMENTS = YES;
				CLANG_WARN_EMPTY_BODY = YES;
				CLANG_WARN_ENUM_CONVERSION = YES;
				CLANG_WARN_INFINITE_RECURSION = YES;
				CLANG_WARN_INT_CONVERSION = YES;
				CLANG_WARN_NON_LITERAL_NULL_CONVERSION = YES;
				CLANG_WARN_OBJC_IMPLICIT_RETAIN_SELF = YES;
				CLANG_WARN_OBJC_LITERAL_CONVERSION = YES;
				CLANG_WARN_OBJC_ROOT_CLASS = YES_ERROR;
				CLANG_WARN_QUOTED_INCLUDE_IN_FRAMEWORK_HEADER = YES;
				CLANG_WARN_RANGE_LOOP_ANALYSIS = YES;
				CLANG_WARN_STRICT_PROTOTYPES = YES;
				CLANG_WARN_SUSPICIOUS_MOVE = YES;
				CLANG_WARN_UNGUARDED_AVAILABILITY = YES_AGGRESSIVE;
				CLANG_WARN_UNREACHABLE_CODE = YES;
				CLANG_WARN__DUPLICATE_METHOD_MATCH = YES;
				COPY_PHASE_STRIP = NO;
				DEBUG_INFORMATION_FORMAT = dwarf;
				ENABLE_STRICT_OBJC_MSGSEND = YES;
				ENABLE_TESTABILITY = YES;
				GCC_C_LANGUAGE_STANDARD = gnu11;
				GCC_DYNAMIC_NO_PIC = NO;
				GCC_NO_COMMON_BLOCKS = YES;
				GCC_OPTIMIZATION_LEVEL = 0;
				GCC_PREPROCESSOR_DEFINITIONS = (
					"DEBUG=1",
					"$(inherited)",
				);
				GCC_WARN_64_TO_32_BIT_CONVERSION = YES;
				GCC_WARN_ABOUT_RETURN_TYPE = YES_ERROR;
				GCC_WARN_UNDECLARED_SELECTOR = YES;
				GCC_WARN_UNINITIALIZED_AUTOS = YES_AGGRESSIVE;
				GCC_WARN_UNUSED_FUNCTION = YES;
				GCC_WARN_UNUSED_VARIABLE = YES;
				IPHONEOS_DEPLOYMENT_TARGET = 16.2;
				MTL_ENABLE_DEBUG_INFO = INCLUDE_SOURCE;
				MTL_FAST_MATH = YES;
				ONLY_ACTIVE_ARCH = YES;
				SDKROOT = iphoneos;
				SWIFT_ACTIVE_COMPILATION_CONDITIONS = DEBUG;
				SWIFT_OPTIMIZATION_LEVEL = "-Onone";
			};
			name = Debug;
		};
		A064D6F1296C8A3E0035705D /* Release */ = {
			isa = XCBuildConfiguration;
			buildSettings = {
				ALWAYS_SEARCH_USER_PATHS = NO;
				CLANG_ANALYZER_NONNULL = YES;
				CLANG_ANALYZER_NUMBER_OBJECT_CONVERSION = YES_AGGRESSIVE;
				CLANG_CXX_LANGUAGE_STANDARD = "gnu++20";
				CLANG_ENABLE_MODULES = YES;
				CLANG_ENABLE_OBJC_ARC = YES;
				CLANG_ENABLE_OBJC_WEAK = YES;
				CLANG_WARN_BLOCK_CAPTURE_AUTORELEASING = YES;
				CLANG_WARN_BOOL_CONVERSION = YES;
				CLANG_WARN_COMMA = YES;
				CLANG_WARN_CONSTANT_CONVERSION = YES;
				CLANG_WARN_DEPRECATED_OBJC_IMPLEMENTATIONS = YES;
				CLANG_WARN_DIRECT_OBJC_ISA_USAGE = YES_ERROR;
				CLANG_WARN_DOCUMENTATION_COMMENTS = YES;
				CLANG_WARN_EMPTY_BODY = YES;
				CLANG_WARN_ENUM_CONVERSION = YES;
				CLANG_WARN_INFINITE_RECURSION = YES;
				CLANG_WARN_INT_CONVERSION = YES;
				CLANG_WARN_NON_LITERAL_NULL_CONVERSION = YES;
				CLANG_WARN_OBJC_IMPLICIT_RETAIN_SELF = YES;
				CLANG_WARN_OBJC_LITERAL_CONVERSION = YES;
				CLANG_WARN_OBJC_ROOT_CLASS = YES_ERROR;
				CLANG_WARN_QUOTED_INCLUDE_IN_FRAMEWORK_HEADER = YES;
				CLANG_WARN_RANGE_LOOP_ANALYSIS = YES;
				CLANG_WARN_STRICT_PROTOTYPES = YES;
				CLANG_WARN_SUSPICIOUS_MOVE = YES;
				CLANG_WARN_UNGUARDED_AVAILABILITY = YES_AGGRESSIVE;
				CLANG_WARN_UNREACHABLE_CODE = YES;
				CLANG_WARN__DUPLICATE_METHOD_MATCH = YES;
				COPY_PHASE_STRIP = NO;
				DEBUG_INFORMATION_FORMAT = "dwarf-with-dsym";
				ENABLE_NS_ASSERTIONS = NO;
				ENABLE_STRICT_OBJC_MSGSEND = YES;
				GCC_C_LANGUAGE_STANDARD = gnu11;
				GCC_NO_COMMON_BLOCKS = YES;
				GCC_WARN_64_TO_32_BIT_CONVERSION = YES;
				GCC_WARN_ABOUT_RETURN_TYPE = YES_ERROR;
				GCC_WARN_UNDECLARED_SELECTOR = YES;
				GCC_WARN_UNINITIALIZED_AUTOS = YES_AGGRESSIVE;
				GCC_WARN_UNUSED_FUNCTION = YES;
				GCC_WARN_UNUSED_VARIABLE = YES;
				IPHONEOS_DEPLOYMENT_TARGET = 16.2;
				MTL_ENABLE_DEBUG_INFO = NO;
				MTL_FAST_MATH = YES;
				SDKROOT = iphoneos;
				SWIFT_COMPILATION_MODE = wholemodule;
				SWIFT_OPTIMIZATION_LEVEL = "-O";
				VALIDATE_PRODUCT = YES;
			};
			name = Release;
		};
		A064D6F3296C8A3E0035705D /* Debug */ = {
			isa = XCBuildConfiguration;
			buildSettings = {
				ASSETCATALOG_COMPILER_APPICON_NAME = AppIcon;
				ASSETCATALOG_COMPILER_GLOBAL_ACCENT_COLOR_NAME = AccentColor;
				CODE_SIGN_STYLE = Automatic;
				CURRENT_PROJECT_VERSION = 1;
				DEVELOPMENT_TEAM = 68KQTL44VS;
				GENERATE_INFOPLIST_FILE = YES;
				INFOPLIST_FILE = FilmCollectionView/Info.plist;
				INFOPLIST_KEY_UIApplicationSupportsIndirectInputEvents = YES;
				INFOPLIST_KEY_UILaunchStoryboardName = LaunchScreen;
				INFOPLIST_KEY_UIMainStoryboardFile = Main;
				INFOPLIST_KEY_UISupportedInterfaceOrientations_iPad = "UIInterfaceOrientationPortrait UIInterfaceOrientationPortraitUpsideDown UIInterfaceOrientationLandscapeLeft UIInterfaceOrientationLandscapeRight";
				INFOPLIST_KEY_UISupportedInterfaceOrientations_iPhone = "UIInterfaceOrientationPortrait UIInterfaceOrientationLandscapeLeft UIInterfaceOrientationLandscapeRight";
				IPHONEOS_DEPLOYMENT_TARGET = 16.0;
				LD_RUNPATH_SEARCH_PATHS = (
					"$(inherited)",
					"@executable_path/Frameworks",
				);
				MARKETING_VERSION = 1.0;
				PRODUCT_BUNDLE_IDENTIFIER = com.denizataes.FilmCollectionView;
				PRODUCT_NAME = "$(TARGET_NAME)";
				SWIFT_EMIT_LOC_STRINGS = YES;
				SWIFT_VERSION = 5.0;
				TARGETED_DEVICE_FAMILY = "1,2";
			};
			name = Debug;
		};
		A064D6F4296C8A3E0035705D /* Release */ = {
			isa = XCBuildConfiguration;
			buildSettings = {
				ASSETCATALOG_COMPILER_APPICON_NAME = AppIcon;
				ASSETCATALOG_COMPILER_GLOBAL_ACCENT_COLOR_NAME = AccentColor;
				CODE_SIGN_STYLE = Automatic;
				CURRENT_PROJECT_VERSION = 1;
				DEVELOPMENT_TEAM = 68KQTL44VS;
				GENERATE_INFOPLIST_FILE = YES;
				INFOPLIST_FILE = FilmCollectionView/Info.plist;
				INFOPLIST_KEY_UIApplicationSupportsIndirectInputEvents = YES;
				INFOPLIST_KEY_UILaunchStoryboardName = LaunchScreen;
				INFOPLIST_KEY_UIMainStoryboardFile = Main;
				INFOPLIST_KEY_UISupportedInterfaceOrientations_iPad = "UIInterfaceOrientationPortrait UIInterfaceOrientationPortraitUpsideDown UIInterfaceOrientationLandscapeLeft UIInterfaceOrientationLandscapeRight";
				INFOPLIST_KEY_UISupportedInterfaceOrientations_iPhone = "UIInterfaceOrientationPortrait UIInterfaceOrientationLandscapeLeft UIInterfaceOrientationLandscapeRight";
				IPHONEOS_DEPLOYMENT_TARGET = 16.0;
				LD_RUNPATH_SEARCH_PATHS = (
					"$(inherited)",
					"@executable_path/Frameworks",
				);
				MARKETING_VERSION = 1.0;
				PRODUCT_BUNDLE_IDENTIFIER = com.denizataes.FilmCollectionView;
				PRODUCT_NAME = "$(TARGET_NAME)";
				SWIFT_EMIT_LOC_STRINGS = YES;
				SWIFT_VERSION = 5.0;
				TARGETED_DEVICE_FAMILY = "1,2";
			};
			name = Release;
		};
/* End XCBuildConfiguration section */

/* Begin XCConfigurationList section */
		A064D6D9296C8A3D0035705D /* Build configuration list for PBXProject "FilmCollectionView" */ = {
			isa = XCConfigurationList;
			buildConfigurations = (
				A064D6F0296C8A3E0035705D /* Debug */,
				A064D6F1296C8A3E0035705D /* Release */,
			);
			defaultConfigurationIsVisible = 0;
			defaultConfigurationName = Release;
		};
		A064D6F2296C8A3E0035705D /* Build configuration list for PBXNativeTarget "FilmCollectionView" */ = {
			isa = XCConfigurationList;
			buildConfigurations = (
				A064D6F3296C8A3E0035705D /* Debug */,
				A064D6F4296C8A3E0035705D /* Release */,
			);
			defaultConfigurationIsVisible = 0;
			defaultConfigurationName = Release;
		};
/* End XCConfigurationList section */

/* Begin XCRemoteSwiftPackageReference section */
		A064D707296C959A0035705D /* XCRemoteSwiftPackageReference "Kingfisher" */ = {
			isa = XCRemoteSwiftPackageReference;
			repositoryURL = "https://github.com/onevcat/Kingfisher.git";
			requirement = {
				branch = master;
				kind = branch;
			};
		};
/* End XCRemoteSwiftPackageReference section */

/* Begin XCSwiftPackageProductDependency section */
		A064D708296C959A0035705D /* Kingfisher */ = {
			isa = XCSwiftPackageProductDependency;
			package = A064D707296C959A0035705D /* XCRemoteSwiftPackageReference "Kingfisher" */;
			productName = Kingfisher;
		};
/* End XCSwiftPackageProductDependency section */
	};
	rootObject = A064D6D6296C8A3D0035705D /* Project object */;
}
